
Microsoft Visual Studio Solution File, Format Version 12.00
# Visual Studio 15
VisualStudioVersion = 15.0.27703.2026
MinimumVisualStudioVersion = 10.0.40219.1
Project("{FAE04EC0-301F-11D3-BF4B-00C04F79EFBC}") = "EjercicioClase", "EjercicioClase\EjercicioClase.csproj", "{317A93A0-2596-4365-BB6E-D3D027F47231}"
EndProject
Global
	GlobalSection(SolutionConfigurationPlatforms) = preSolution
		Debug|Any CPU = Debug|Any CPU
		Release|Any CPU = Release|Any CPU
	EndGlobalSection
	GlobalSection(ProjectConfigurationPlatforms) = postSolution
		{317A93A0-2596-4365-BB6E-D3D027F47231}.Debug|Any CPU.ActiveCfg = Debug|Any CPU
		{317A93A0-2596-4365-BB6E-D3D027F47231}.Debug|Any CPU.Build.0 = Debug|Any CPU
		{317A93A0-2596-4365-BB6E-D3D027F47231}.Release|Any CPU.ActiveCfg = Release|Any CPU
		{317A93A0-2596-4365-BB6E-D3D027F47231}.Release|Any CPU.Build.0 = Release|Any CPU
	EndGlobalSection
	GlobalSection(SolutionProperties) = preSolution
		HideSolutionNode = FALSE
	EndGlobalSection
	GlobalSection(ExtensibilityGlobals) = postSolution
		SolutionGuid = {D73CCDDF-4DEE-4426-BD35-68AAD46BC886}
	EndGlobalSection
EndGlobal
